
Microsoft Visual Studio Solution File, Format Version 12.00
# Visual Studio Version 17
VisualStudioVersion = 17.0.31903.59
MinimumVisualStudioVersion = 10.0.40219.1
Project("{9A19103F-16F7-4668-BE54-9A1E7A4F7556}") = "Data", "Data\Data.csproj", "{4904D757-8295-4E9F-AAAC-2E9EA01ABF73}"
EndProject
Project("{9A19103F-16F7-4668-BE54-9A1E7A4F7556}") = "Infrastructure", "Infrastructure\Infrastructure.csproj", "{54BAAADA-A787-48F5-810F-C49657CA1920}"
EndProject
Project("{9A19103F-16F7-4668-BE54-9A1E7A4F7556}") = "Entities", "Entities\Entities.csproj", "{0B62F6EF-82F2-4583-B259-7EEFBDDCDD0E}"
EndProject
Project("{FAE04EC0-301F-11D3-BF4B-00C04F79EFBC}") = "HangfireProject", "HangfireProject\HangfireProject.csproj", "{AC25CCC3-ACC7-4E15-9F5C-A7CA85B04C70}"
EndProject
Global
	GlobalSection(SolutionConfigurationPlatforms) = preSolution
		Debug|Any CPU = Debug|Any CPU
		Release|Any CPU = Release|Any CPU
	EndGlobalSection
	GlobalSection(ProjectConfigurationPlatforms) = postSolution
		{4904D757-8295-4E9F-AAAC-2E9EA01ABF73}.Debug|Any CPU.ActiveCfg = Debug|Any CPU
		{4904D757-8295-4E9F-AAAC-2E9EA01ABF73}.Debug|Any CPU.Build.0 = Debug|Any CPU
		{4904D757-8295-4E9F-AAAC-2E9EA01ABF73}.Release|Any CPU.ActiveCfg = Release|Any CPU
		{4904D757-8295-4E9F-AAAC-2E9EA01ABF73}.Release|Any CPU.Build.0 = Release|Any CPU
		{54BAAADA-A787-48F5-810F-C49657CA1920}.Debug|Any CPU.ActiveCfg = Debug|Any CPU
		{54BAAADA-A787-48F5-810F-C49657CA1920}.Debug|Any CPU.Build.0 = Debug|Any CPU
		{54BAAADA-A787-48F5-810F-C49657CA1920}.Release|Any CPU.ActiveCfg = Release|Any CPU
		{54BAAADA-A787-48F5-810F-C49657CA1920}.Release|Any CPU.Build.0 = Release|Any CPU
		{0B62F6EF-82F2-4583-B259-7EEFBDDCDD0E}.Debug|Any CPU.ActiveCfg = Debug|Any CPU
		{0B62F6EF-82F2-4583-B259-7EEFBDDCDD0E}.Debug|Any CPU.Build.0 = Debug|Any CPU
		{0B62F6EF-82F2-4583-B259-7EEFBDDCDD0E}.Release|Any CPU.ActiveCfg = Release|Any CPU
		{0B62F6EF-82F2-4583-B259-7EEFBDDCDD0E}.Release|Any CPU.Build.0 = Release|Any CPU
		{AC25CCC3-ACC7-4E15-9F5C-A7CA85B04C70}.Debug|Any CPU.ActiveCfg = Debug|Any CPU
		{AC25CCC3-ACC7-4E15-9F5C-A7CA85B04C70}.Debug|Any CPU.Build.0 = Debug|Any CPU
		{AC25CCC3-ACC7-4E15-9F5C-A7CA85B04C70}.Release|Any CPU.ActiveCfg = Release|Any CPU
		{AC25CCC3-ACC7-4E15-9F5C-A7CA85B04C70}.Release|Any CPU.Build.0 = Release|Any CPU
	EndGlobalSection
	GlobalSection(SolutionProperties) = preSolution
		HideSolutionNode = FALSE
	EndGlobalSection
	GlobalSection(ExtensibilityGlobals) = postSolution
		SolutionGuid = {CCB94C02-003E-49D6-8C80-08EEB0A6CE8E}
	EndGlobalSection
EndGlobal
